
Microsoft Visual Studio Solution File, Format Version 12.00
# Visual Studio Version 17
VisualStudioVersion = 17.13.36105.23 d17.13
MinimumVisualStudioVersion = 10.0.40219.1
Project("{8BC9CEB8-8B4A-11D0-8D11-00A0C91BC942}") = "Bank_System", "Bank_System.vcxproj", "{D53FC08B-C2DC-48DA-A651-A143C953E3B7}"
EndProject
Global
	GlobalSection(SolutionConfigurationPlatforms) = preSolution
		Debug|x64 = Debug|x64
		Debug|x86 = Debug|x86
		Release|x64 = Release|x64
		Release|x86 = Release|x86
	EndGlobalSection
	GlobalSection(ProjectConfigurationPlatforms) = postSolution
		{D53FC08B-C2DC-48DA-A651-A143C953E3B7}.Debug|x64.ActiveCfg = Debug|x64
		{D53FC08B-C2DC-48DA-A651-A143C953E3B7}.Debug|x64.Build.0 = Debug|x64
		{D53FC08B-C2DC-48DA-A651-A143C953E3B7}.Debug|x86.ActiveCfg = Debug|Win32
		{D53FC08B-C2DC-48DA-A651-A143C953E3B7}.Debug|x86.Build.0 = Debug|Win32
		{D53FC08B-C2DC-48DA-A651-A143C953E3B7}.Release|x64.ActiveCfg = Release|x64
		{D53FC08B-C2DC-48DA-A651-A143C953E3B7}.Release|x64.Build.0 = Release|x64
		{D53FC08B-C2DC-48DA-A651-A143C953E3B7}.Release|x86.ActiveCfg = Release|Win32
		{D53FC08B-C2DC-48DA-A651-A143C953E3B7}.Release|x86.Build.0 = Release|Win32
	EndGlobalSection
	GlobalSection(SolutionProperties) = preSolution
		HideSolutionNode = FALSE
	EndGlobalSection
	GlobalSection(ExtensibilityGlobals) = postSolution
		SolutionGuid = {49AEE680-FD7A-4F97-AD63-2E616D080E01}
	EndGlobalSection
EndGlobal
